
Microsoft Visual Studio Solution File, Format Version 12.00
# Visual Studio Version 17
VisualStudioVersion = 17.2.32526.322
MinimumVisualStudioVersion = 10.0.40219.1
Project("{FAE04EC0-301F-11D3-BF4B-00C04F79EFBC}") = "Clean.Application", "Clean.Application\Clean.Application.csproj", "{0BD79ED4-E70E-4584-BA78-DAB1130F1B98}"
EndProject
Project("{FAE04EC0-301F-11D3-BF4B-00C04F79EFBC}") = "Clean.Domain", "Clean.Domain\Clean.Domain.csproj", "{3FC9B40F-AB2D-45D1-AEAA-5337DD2B8B2B}"
EndProject
Project("{FAE04EC0-301F-11D3-BF4B-00C04F79EFBC}") = "Clean.Infrastructure", "Clean.Infrastructure\Clean.Infrastructure.csproj", "{3E4F25D1-BCC0-4B27-8C53-6624C446C631}"
EndProject
Project("{FAE04EC0-301F-11D3-BF4B-00C04F79EFBC}") = "Clean.WebAPP", "Clean.WebAPP\Clean.WebAPP.csproj", "{0370CFCE-6830-4045-A290-235F92C40C80}"
EndProject
Project("{FAE04EC0-301F-11D3-BF4B-00C04F79EFBC}") = "Clean.WebAPI", "Clean.WebAPI\Clean.WebAPI.csproj", "{2C45D001-DA42-4C29-BD9B-2EBE04D8A0ED}"
EndProject
Global
	GlobalSection(SolutionConfigurationPlatforms) = preSolution
		Debug|Any CPU = Debug|Any CPU
		Release|Any CPU = Release|Any CPU
	EndGlobalSection
	GlobalSection(ProjectConfigurationPlatforms) = postSolution
		{0BD79ED4-E70E-4584-BA78-DAB1130F1B98}.Debug|Any CPU.ActiveCfg = Debug|Any CPU
		{0BD79ED4-E70E-4584-BA78-DAB1130F1B98}.Debug|Any CPU.Build.0 = Debug|Any CPU
		{0BD79ED4-E70E-4584-BA78-DAB1130F1B98}.Release|Any CPU.ActiveCfg = Release|Any CPU
		{0BD79ED4-E70E-4584-BA78-DAB1130F1B98}.Release|Any CPU.Build.0 = Release|Any CPU
		{3FC9B40F-AB2D-45D1-AEAA-5337DD2B8B2B}.Debug|Any CPU.ActiveCfg = Debug|Any CPU
		{3FC9B40F-AB2D-45D1-AEAA-5337DD2B8B2B}.Debug|Any CPU.Build.0 = Debug|Any CPU
		{3FC9B40F-AB2D-45D1-AEAA-5337DD2B8B2B}.Release|Any CPU.ActiveCfg = Release|Any CPU
		{3FC9B40F-AB2D-45D1-AEAA-5337DD2B8B2B}.Release|Any CPU.Build.0 = Release|Any CPU
		{3E4F25D1-BCC0-4B27-8C53-6624C446C631}.Debug|Any CPU.ActiveCfg = Debug|Any CPU
		{3E4F25D1-BCC0-4B27-8C53-6624C446C631}.Debug|Any CPU.Build.0 = Debug|Any CPU
		{3E4F25D1-BCC0-4B27-8C53-6624C446C631}.Release|Any CPU.ActiveCfg = Release|Any CPU
		{3E4F25D1-BCC0-4B27-8C53-6624C446C631}.Release|Any CPU.Build.0 = Release|Any CPU
		{0370CFCE-6830-4045-A290-235F92C40C80}.Debug|Any CPU.ActiveCfg = Debug|Any CPU
		{0370CFCE-6830-4045-A290-235F92C40C80}.Debug|Any CPU.Build.0 = Debug|Any CPU
		{0370CFCE-6830-4045-A290-235F92C40C80}.Release|Any CPU.ActiveCfg = Release|Any CPU
		{0370CFCE-6830-4045-A290-235F92C40C80}.Release|Any CPU.Build.0 = Release|Any CPU
		{2C45D001-DA42-4C29-BD9B-2EBE04D8A0ED}.Debug|Any CPU.ActiveCfg = Debug|Any CPU
		{2C45D001-DA42-4C29-BD9B-2EBE04D8A0ED}.Debug|Any CPU.Build.0 = Debug|Any CPU
		{2C45D001-DA42-4C29-BD9B-2EBE04D8A0ED}.Release|Any CPU.ActiveCfg = Release|Any CPU
		{2C45D001-DA42-4C29-BD9B-2EBE04D8A0ED}.Release|Any CPU.Build.0 = Release|Any CPU
	EndGlobalSection
	GlobalSection(SolutionProperties) = preSolution
		HideSolutionNode = FALSE
	EndGlobalSection
	GlobalSection(ExtensibilityGlobals) = postSolution
		SolutionGuid = {AEE80029-3910-452C-BCBD-36FC86CF885D}
	EndGlobalSection
EndGlobal
